
Microsoft Visual Studio Solution File, Format Version 12.00
# Visual Studio Version 17
VisualStudioVersion = 17.0.32112.339
MinimumVisualStudioVersion = 10.0.40219.1
Project("{FAE04EC0-301F-11D3-BF4B-00C04F79EFBC}") = "RelayServer", "RelayServer.csproj", "{5342EC78-EB7C-4D3D-ACED-4D94730CDA7A}"
EndProject
Global
	GlobalSection(SolutionConfigurationPlatforms) = preSolution
		Debug|Any CPU = Debug|Any CPU
		Release|Any CPU = Release|Any CPU
	EndGlobalSection
	GlobalSection(ProjectConfigurationPlatforms) = postSolution
		{5342EC78-EB7C-4D3D-ACED-4D94730CDA7A}.Debug|Any CPU.ActiveCfg = Debug|Any CPU
		{5342EC78-EB7C-4D3D-ACED-4D94730CDA7A}.Debug|Any CPU.Build.0 = Debug|Any CPU
		{5342EC78-EB7C-4D3D-ACED-4D94730CDA7A}.Release|Any CPU.ActiveCfg = Release|Any CPU
		{5342EC78-EB7C-4D3D-ACED-4D94730CDA7A}.Release|Any CPU.Build.0 = Release|Any CPU
	EndGlobalSection
	GlobalSection(SolutionProperties) = preSolution
		HideSolutionNode = FALSE
	EndGlobalSection
	GlobalSection(ExtensibilityGlobals) = postSolution
		SolutionGuid = {49C295D4-058C-40B3-9A39-45D84B309B5E}
	EndGlobalSection
EndGlobal
